{
    "_meta": {
        "hash": {
            "sha256": "1214c859d02ce9388e7b68c4d42ceffccbc72ef0ac44a087df66d881be4f8333"
        },
        "pipfile-spec": 6,
        "requires": {
            "python_version": "3.7"
        },
        "sources": [
            {
                "name": "pypi",
                "url": "https://pypi.org/simple",
                "verify_ssl": true
            }
        ]
    },
    "default": {
        "numpy": {
            "hashes": [
                "sha256:03f2ebcbffcce2dec8860633b89a93e80c6a239d21a77ae8b241450dc21e8c35",
                "sha256:078c8025da5ab9e8657edc9c2a1e9642e06e953bc7baa2e65c1aa9d9dfb7e98b",
                "sha256:0fbfa98c5d5c3c6489cc1e852ec94395d51f35d9ebe70c6850e47f465038cdf4",
                "sha256:1c841033f4fe6801648180c3033c45b3235a8bbd09bc7249010f99ea27bb6790",
                "sha256:2c0984a01ddd0aeec89f0ce46ef21d64761048cd76c0074d0658c91f9131f154",
                "sha256:4c166dcb0fff7cb3c0bbc682dfb5061852a2547efb6222e043a7932828c08fb5",
                "sha256:8c2d98d0623bd63fb883b65256c00454d5f53127a5a7bcdaa8bdc582814e8cb4",
                "sha256:8cb4b6ae45aad6d26712a1ce0a3f2556c5e1484867f9649e03496e45d6a5eba4",
                "sha256:93050e73c446c82065b7410221b07682e475ac51887cd9368227a5d944afae80",
                "sha256:a3f6b3024f8826d8b1490e6e2a9b99e841cd2c375791b1df62991bd8f4c00b89",
                "sha256:bede70fd8699695363f39e86c1e869b2c8b74fb5ef135a67b9e1eeebff50322a",
                "sha256:c304b2221f33489cd15a915237a84cdfe9420d7e4d4828c78a0820f9d990395c",
                "sha256:f11331530f0eff69a758d62c2461cd98cdc2eae0147279d8fc86e0464eb7e8ca",
                "sha256:fa5f2a8ef1e07ba258dc07d4dd246de23ef4ab920ae0f3fa2a1cc5e90f0f1888",
                "sha256:fb6178b0488b0ce6a54bc4accbdf5225e937383586555604155d64773f6beb2b",
                "sha256:fd5e830d4dc31658d61a6452cd3e842213594d8c15578cdae6829e36ad9c0930"
            ],
            "version": "==1.17.1"
        },
        "opencv-python": {
            "hashes": [
                "sha256:01505b131dc35f60e99a5da98b77156e37f872ae0ff5596e5e68d526bb572d3c",
                "sha256:0478a1037505ddde312806c960a5e8958d2cf7a2885e8f2f5dde74c4028e0b04",
                "sha256:17810b89f9ef8e8537e75332acf533e619e26ccadbf1b73f24bf338f2d327ddd",
                "sha256:19ad2ea9fb32946761b47b9d6eed51876a8329da127f27788263fecd66651ba0",
                "sha256:1a250edb739baf3e7c25d99a2ee252aac4f59a97e0bee39237eaa490fd0281d3",
                "sha256:3505468970448f66cd776cb9e179570c87988f94b5cf9bcbc4c2d88bd88bbdf1",
                "sha256:4e04a91da157885359f487534433340b2d709927559c80acf62c28167e59be02",
                "sha256:5a49cffcdec5e37217672579c3343565926d999642844efa9c6a031ed5f32318",
                "sha256:604b2ce3d4a86480ced0813da7fba269b4605ad9fea26cd2144d8077928d4b49",
                "sha256:61cbb8fa9565a0480c46028599431ad8f19181a7fac8070a700515fd54cd7377",
                "sha256:62d7c6e511c9454f099616315c695d02a584048e1affe034b39160db7a2ae34d",
                "sha256:6555272dd9efd412d17cdc1a4f4c2da5753c099d95d9ff01aca54bb9782fb5cf",
                "sha256:67d994c6b2b14cb9239e85dc7dfa6c08ef7cf6eb4def80c0af6141dfacc8cbb9",
                "sha256:68c9cbe538666c4667523821cc56caee49389bea06bae4c0fc2cd68bd264226a",
                "sha256:822ad8f628a9498f569c57d30865f5ef9ee17824cee0a1d456211f742028c135",
                "sha256:82d972429eb4fee22c1dc4204af2a2e981f010e5e4f66daea2a6c68381b79184",
                "sha256:9128924f5b58269ee221b8cf2d736f31bd3bb0391b92ee8504caadd68c8176a2",
                "sha256:9172cf8270572c494d8b2ae12ef87c0f6eed9d132927e614099f76843b0c91d7",
                "sha256:952bce4d30a8287b17721ddaad7f115dab268efee8576249ddfede80ec2ce404",
                "sha256:a8147718e70b1f170a3d26518e992160137365a4db0ed82a9efd3040f9f660d4",
                "sha256:bfdb636a3796ff223460ea0fcfda906b3b54f4bef22ae433a5b67e66fab00b25",
                "sha256:c9c3f27867153634e1083390920067008ebaaab78aeb09c4e0274e69746cb2c8",
                "sha256:d69be21973d450a4662ae6bd1b3df6b1af030e448d7276380b0d1adf7c8c2ae6",
                "sha256:db1479636812a6579a3753b72a6fefaa73190f32bf7b19e483f8bc750cebe1a5",
                "sha256:db8313d755962a7dd61e5c22a651e0743208adfdb255c6ec8904ce9cb02940c6",
                "sha256:e4625a6b032e7797958aeb630d6e3e91e3896d285020aae612e6d7b342d6dfea",
                "sha256:e8397a26966a1290836a52c34b362aabc65a422b9ffabcbbdec1862f023ccab8"
            ],
            "index": "pypi",
            "version": "==4.1.1.26"
        }
    },
    "develop": {}
}
